
Microsoft Visual Studio Solution File, Format Version 12.00
# Visual Studio Version 16
VisualStudioVersion = 16.0.29020.237
MinimumVisualStudioVersion = 10.0.40219.1
Project("{FAE04EC0-301F-11D3-BF4B-00C04F79EFBC}") = "AuthorizationServer.Api", "JWTWebApi\AuthorizationServer.Api.csproj", "{D0D45BB1-9CFE-4597-A06B-61192B7B6F51}"
EndProject
Project("{FAE04EC0-301F-11D3-BF4B-00C04F79EFBC}") = "ResourceServer.Api", "ResourceServer.Api\ResourceServer.Api.csproj", "{184F2F6D-74F1-4B6E-AD2E-5F9147392C91}"
EndProject
Global
	GlobalSection(SolutionConfigurationPlatforms) = preSolution
		Debug|Any CPU = Debug|Any CPU
		Release|Any CPU = Release|Any CPU
	EndGlobalSection
	GlobalSection(ProjectConfigurationPlatforms) = postSolution
		{D0D45BB1-9CFE-4597-A06B-61192B7B6F51}.Debug|Any CPU.ActiveCfg = Debug|Any CPU
		{D0D45BB1-9CFE-4597-A06B-61192B7B6F51}.Debug|Any CPU.Build.0 = Debug|Any CPU
		{D0D45BB1-9CFE-4597-A06B-61192B7B6F51}.Release|Any CPU.ActiveCfg = Release|Any CPU
		{D0D45BB1-9CFE-4597-A06B-61192B7B6F51}.Release|Any CPU.Build.0 = Release|Any CPU
		{184F2F6D-74F1-4B6E-AD2E-5F9147392C91}.Debug|Any CPU.ActiveCfg = Debug|Any CPU
		{184F2F6D-74F1-4B6E-AD2E-5F9147392C91}.Debug|Any CPU.Build.0 = Debug|Any CPU
		{184F2F6D-74F1-4B6E-AD2E-5F9147392C91}.Release|Any CPU.ActiveCfg = Release|Any CPU
		{184F2F6D-74F1-4B6E-AD2E-5F9147392C91}.Release|Any CPU.Build.0 = Release|Any CPU
	EndGlobalSection
	GlobalSection(SolutionProperties) = preSolution
		HideSolutionNode = FALSE
	EndGlobalSection
	GlobalSection(ExtensibilityGlobals) = postSolution
		SolutionGuid = {53BFD03C-B9CA-4B36-932A-973C61F67622}
	EndGlobalSection
EndGlobal
